
Microsoft Visual Studio Solution File, Format Version 12.00
# Visual Studio 2012
Project("{FAE04EC0-301F-11D3-BF4B-00C04F79EFBC}") = "LibraryManagement", "LibraryManagement\LibraryManagement.csproj", "{E4521E08-F7B8-4481-BD5B-A9CA6413549D}"
EndProject
Project("{FAE04EC0-301F-11D3-BF4B-00C04F79EFBC}") = "LibraryManagement.Tests", "LibraryManagement.Tests\LibraryManagement.Tests.csproj", "{6272D437-989E-47B5-91C4-D44EF1BE0B6F}"
EndProject
Project("{F088123C-0E9E-452A-89E6-6BA2F21D5CAC}") = "ModelingProject1", "ModelingProject1\ModelingProject1.modelproj", "{A4CAF6C4-B096-470E-A5C7-87EF4CA667B9}"
EndProject
Global
	GlobalSection(SolutionConfigurationPlatforms) = preSolution
		Debug|Any CPU = Debug|Any CPU
		Release|Any CPU = Release|Any CPU
	EndGlobalSection
	GlobalSection(ProjectConfigurationPlatforms) = postSolution
		{E4521E08-F7B8-4481-BD5B-A9CA6413549D}.Debug|Any CPU.ActiveCfg = Debug|Any CPU
		{E4521E08-F7B8-4481-BD5B-A9CA6413549D}.Debug|Any CPU.Build.0 = Debug|Any CPU
		{E4521E08-F7B8-4481-BD5B-A9CA6413549D}.Release|Any CPU.ActiveCfg = Release|Any CPU
		{E4521E08-F7B8-4481-BD5B-A9CA6413549D}.Release|Any CPU.Build.0 = Release|Any CPU
		{6272D437-989E-47B5-91C4-D44EF1BE0B6F}.Debug|Any CPU.ActiveCfg = Debug|Any CPU
		{6272D437-989E-47B5-91C4-D44EF1BE0B6F}.Debug|Any CPU.Build.0 = Debug|Any CPU
		{6272D437-989E-47B5-91C4-D44EF1BE0B6F}.Release|Any CPU.ActiveCfg = Release|Any CPU
		{6272D437-989E-47B5-91C4-D44EF1BE0B6F}.Release|Any CPU.Build.0 = Release|Any CPU
		{A4CAF6C4-B096-470E-A5C7-87EF4CA667B9}.Debug|Any CPU.ActiveCfg = Debug|Any CPU
		{A4CAF6C4-B096-470E-A5C7-87EF4CA667B9}.Debug|Any CPU.Build.0 = Debug|Any CPU
		{A4CAF6C4-B096-470E-A5C7-87EF4CA667B9}.Release|Any CPU.ActiveCfg = Release|Any CPU
		{A4CAF6C4-B096-470E-A5C7-87EF4CA667B9}.Release|Any CPU.Build.0 = Release|Any CPU
	EndGlobalSection
	GlobalSection(SolutionProperties) = preSolution
		HideSolutionNode = FALSE
	EndGlobalSection
EndGlobal
